// !$*UTF8*$!
{
	archiveVersion = 1;
	classes = {
	};
	objectVersion = 55;
	objects = {

/* Begin PBXBuildFile section */
		C5B0A5E92846D271007E2177 /* Tv_StorageApp.swift in Sources */ = {isa = PBXBuildFile; fileRef = C5B0A5E82846D271007E2177 /* Tv_StorageApp.swift */; };
		C5B0A5EB2846D271007E2177 /* ContentView.swift in Sources */ = {isa = PBXBuildFile; fileRef = C5B0A5EA2846D271007E2177 /* ContentView.swift */; };
		C5B0A5ED2846D273007E2177 /* Assets.xcassets in Resources */ = {isa = PBXBuildFile; fileRef = C5B0A5EC2846D273007E2177 /* Assets.xcassets */; };
		C5B0A5F02846D273007E2177 /* Preview Assets.xcassets in Resources */ = {isa = PBXBuildFile; fileRef = C5B0A5EF2846D273007E2177 /* Preview Assets.xcassets */; };
		C5B0A5FA2846D274007E2177 /* Tv_StorageTests.swift in Sources */ = {isa = PBXBuildFile; fileRef = C5B0A5F92846D274007E2177 /* Tv_StorageTests.swift */; };
		C5B0A6042846D274007E2177 /* Tv_StorageUITests.swift in Sources */ = {isa = PBXBuildFile; fileRef = C5B0A6032846D274007E2177 /* Tv_StorageUITests.swift */; };
		C5B0A6062846D274007E2177 /* Tv_StorageUITestsLaunchTests.swift in Sources */ = {isa = PBXBuildFile; fileRef = C5B0A6052846D274007E2177 /* Tv_StorageUITestsLaunchTests.swift */; };
/* End PBXBuildFile section */

/* Begin PBXContainerItemProxy section */
		C5B0A5F62846D274007E2177 /* PBXContainerItemProxy */ = {
			isa = PBXContainerItemProxy;
			containerPortal = C5B0A5DD2846D271007E2177 /* Project object */;
			proxyType = 1;
			remoteGlobalIDString = C5B0A5E42846D271007E2177;
			remoteInfo = "Tv Storage";
		};
		C5B0A6002846D274007E2177 /* PBXContainerItemProxy */ = {
			isa = PBXContainerItemProxy;
			containerPortal = C5B0A5DD2846D271007E2177 /* Project object */;
			proxyType = 1;
			remoteGlobalIDString = C5B0A5E42846D271007E2177;
			remoteInfo = "Tv Storage";
		};
/* End PBXContainerItemProxy section */

/* Begin PBXFileReference section */
		C5B0A5E52846D271007E2177 /* Tv Storage.app */ = {isa = PBXFileReference; explicitFileType = wrapper.application; includeInIndex = 0; path = "Tv Storage.app"; sourceTree = BUILT_PRODUCTS_DIR; };
		C5B0A5E82846D271007E2177 /* Tv_StorageApp.swift */ = {isa = PBXFileReference; lastKnownFileType = sourcecode.swift; path = Tv_StorageApp.swift; sourceTree = "<group>"; };
		C5B0A5EA2846D271007E2177 /* ContentView.swift */ = {isa = PBXFileReference; lastKnownFileType = sourcecode.swift; path = ContentView.swift; sourceTree = "<group>"; };
		C5B0A5EC2846D273007E2177 /* Assets.xcassets */ = {isa = PBXFileReference; lastKnownFileType = folder.assetcatalog; path = Assets.xcassets; sourceTree = "<group>"; };
		C5B0A5EF2846D273007E2177 /* Preview Assets.xcassets */ = {isa = PBXFileReference; lastKnownFileType = folder.assetcatalog; path = "Preview Assets.xcassets"; sourceTree = "<group>"; };
		C5B0A5F52846D274007E2177 /* Tv StorageTests.xctest */ = {isa = PBXFileReference; explicitFileType = wrapper.cfbundle; includeInIndex = 0; path = "Tv StorageTests.xctest"; sourceTree = BUILT_PRODUCTS_DIR; };
		C5B0A5F92846D274007E2177 /* Tv_StorageTests.swift */ = {isa = PBXFileReference; lastKnownFileType = sourcecode.swift; path = Tv_StorageTests.swift; sourceTree = "<group>"; };
		C5B0A5FF2846D274007E2177 /* Tv StorageUITests.xctest */ = {isa = PBXFileReference; explicitFileType = wrapper.cfbundle; includeInIndex = 0; path = "Tv StorageUITests.xctest"; sourceTree = BUILT_PRODUCTS_DIR; };
		C5B0A6032846D274007E2177 /* Tv_StorageUITests.swift */ = {isa = PBXFileReference; lastKnownFileType = sourcecode.swift; path = Tv_StorageUITests.swift; sourceTree = "<group>"; };
		C5B0A6052846D274007E2177 /* Tv_StorageUITestsLaunchTests.swift */ = {isa = PBXFileReference; lastKnownFileType = sourcecode.swift; path = Tv_StorageUITestsLaunchTests.swift; sourceTree = "<group>"; };
/* End PBXFileReference section */

/* Begin PBXFrameworksBuildPhase section */
		C5B0A5E22846D271007E2177 /* Frameworks */ = {
			isa = PBXFrameworksBuildPhase;
			buildActionMask = 2147483647;
			files = (
			);
			runOnlyForDeploymentPostprocessing = 0;
		};
		C5B0A5F22846D274007E2177 /* Frameworks */ = {
			isa = PBXFrameworksBuildPhase;
			buildActionMask = 2147483647;
			files = (
			);
			runOnlyForDeploymentPostprocessing = 0;
		};
		C5B0A5FC2846D274007E2177 /* Frameworks */ = {
			isa = PBXFrameworksBuildPhase;
			buildActionMask = 2147483647;
			files = (
			);
			runOnlyForDeploymentPostprocessing = 0;
		};
/* End PBXFrameworksBuildPhase section */

/* Begin PBXGroup section */
		C5B0A5DC2846D271007E2177 = {
			isa = PBXGroup;
			children = (
				C5B0A5E72846D271007E2177 /* Tv Storage */,
				C5B0A5F82846D274007E2177 /* Tv StorageTests */,
				C5B0A6022846D274007E2177 /* Tv StorageUITests */,
				C5B0A5E62846D271007E2177 /* Products */,
			);
			sourceTree = "<group>";
		};
		C5B0A5E62846D271007E2177 /* Products */ = {
			isa = PBXGroup;
			children = (
				C5B0A5E52846D271007E2177 /* Tv Storage.app */,
				C5B0A5F52846D274007E2177 /* Tv StorageTests.xctest */,
				C5B0A5FF2846D274007E2177 /* Tv StorageUITests.xctest */,
			);
			name = Products;
			sourceTree = "<group>";
		};
		C5B0A5E72846D271007E2177 /* Tv Storage */ = {
			isa = PBXGroup;
			children = (
				C5B0A5E82846D271007E2177 /* Tv_StorageApp.swift */,
				C5B0A5EA2846D271007E2177 /* ContentView.swift */,
				C5B0A5EC2846D273007E2177 /* Assets.xcassets */,
				C5B0A5EE2846D273007E2177 /* Preview Content */,
			);
			path = "Tv Storage";
			sourceTree = "<group>";
		};
		C5B0A5EE2846D273007E2177 /* Preview Content */ = {
			isa = PBXGroup;
			children = (
				C5B0A5EF2846D273007E2177 /* Preview Assets.xcassets */,
			);
			path = "Preview Content";
			sourceTree = "<group>";
		};
		C5B0A5F82846D274007E2177 /* Tv StorageTests */ = {
			isa = PBXGroup;
			children = (
				C5B0A5F92846D274007E2177 /* Tv_StorageTests.swift */,
			);
			path = "Tv StorageTests";
			sourceTree = "<group>";
		};
		C5B0A6022846D274007E2177 /* Tv StorageUITests */ = {
			isa = PBXGroup;
			children = (
				C5B0A6032846D274007E2177 /* Tv_StorageUITests.swift */,
				C5B0A6052846D274007E2177 /* Tv_StorageUITestsLaunchTests.swift */,
			);
			path = "Tv StorageUITests";
			sourceTree = "<group>";
		};
/* End PBXGroup section */

/* Begin PBXNativeTarget section */
		C5B0A5E42846D271007E2177 /* Tv Storage */ = {
			isa = PBXNativeTarget;
			buildConfigurationList = C5B0A6092846D274007E2177 /* Build configuration list for PBXNativeTarget "Tv Storage" */;
			buildPhases = (
				C5B0A5E12846D271007E2177 /* Sources */,
				C5B0A5E22846D271007E2177 /* Frameworks */,
				C5B0A5E32846D271007E2177 /* Resources */,
			);
			buildRules = (
			);
			dependencies = (
			);
			name = "Tv Storage";
			productName = "Tv Storage";
			productReference = C5B0A5E52846D271007E2177 /* Tv Storage.app */;
			productType = "com.apple.product-type.application";
		};
		C5B0A5F42846D274007E2177 /* Tv StorageTests */ = {
			isa = PBXNativeTarget;
			buildConfigurationList = C5B0A60C2846D274007E2177 /* Build configuration list for PBXNativeTarget "Tv StorageTests" */;
			buildPhases = (
				C5B0A5F12846D274007E2177 /* Sources */,
				C5B0A5F22846D274007E2177 /* Frameworks */,
				C5B0A5F32846D274007E2177 /* Resources */,
			);
			buildRules = (
			);
			dependencies = (
				C5B0A5F72846D274007E2177 /* PBXTargetDependency */,
			);
			name = "Tv StorageTests";
			productName = "Tv StorageTests";
			productReference = C5B0A5F52846D274007E2177 /* Tv StorageTests.xctest */;
			productType = "com.apple.product-type.bundle.unit-test";
		};
		C5B0A5FE2846D274007E2177 /* Tv StorageUITests */ = {
			isa = PBXNativeTarget;
			buildConfigurationList = C5B0A60F2846D274007E2177 /* Build configuration list for PBXNativeTarget "Tv StorageUITests" */;
			buildPhases = (
				C5B0A5FB2846D274007E2177 /* Sources */,
				C5B0A5FC2846D274007E2177 /* Frameworks */,
				C5B0A5FD2846D274007E2177 /* Resources */,
			);
			buildRules = (
			);
			dependencies = (
				C5B0A6012846D274007E2177 /* PBXTargetDependency */,
			);
			name = "Tv StorageUITests";
			productName = "Tv StorageUITests";
			productReference = C5B0A5FF2846D274007E2177 /* Tv StorageUITests.xctest */;
			productType = "com.apple.product-type.bundle.ui-testing";
		};
/* End PBXNativeTarget section */

/* Begin PBXProject section */
		C5B0A5DD2846D271007E2177 /* Project object */ = {
			isa = PBXProject;
			attributes = {
				BuildIndependentTargetsInParallel = 1;
				LastSwiftUpdateCheck = 1340;
				LastUpgradeCheck = 1340;
				TargetAttributes = {
					C5B0A5E42846D271007E2177 = {
						CreatedOnToolsVersion = 13.4;
					};
					C5B0A5F42846D274007E2177 = {
						CreatedOnToolsVersion = 13.4;
						TestTargetID = C5B0A5E42846D271007E2177;
					};
					C5B0A5FE2846D274007E2177 = {
						CreatedOnToolsVersion = 13.4;
						TestTargetID = C5B0A5E42846D271007E2177;
					};
				};
			};
			buildConfigurationList = C5B0A5E02846D271007E2177 /* Build configuration list for PBXProject "Tv Storage" */;
			compatibilityVersion = "Xcode 13.0";
			developmentRegion = en;
			hasScannedForEncodings = 0;
			knownRegions = (
				en,
				Base,
			);
			mainGroup = C5B0A5DC2846D271007E2177;
			productRefGroup = C5B0A5E62846D271007E2177 /* Products */;
			projectDirPath = "";
			projectRoot = "";
			targets = (
				C5B0A5E42846D271007E2177 /* Tv Storage */,
				C5B0A5F42846D274007E2177 /* Tv StorageTests */,
				C5B0A5FE2846D274007E2177 /* Tv StorageUITests */,
			);
		};
/* End PBXProject section */

/* Begin PBXResourcesBuildPhase section */
		C5B0A5E32846D271007E2177 /* Resources */ = {
			isa = PBXResourcesBuildPhase;
			buildActionMask = 2147483647;
			files = (
				C5B0A5F02846D273007E2177 /* Preview Assets.xcassets in Resources */,
				C5B0A5ED2846D273007E2177 /* Assets.xcassets in Resources */,
			);
			runOnlyForDeploymentPostprocessing = 0;
		};
		C5B0A5F32846D274007E2177 /* Resources */ = {
			isa = PBXResourcesBuildPhase;
			buildActionMask = 2147483647;
			files = (
			);
			runOnlyForDeploymentPostprocessing = 0;
		};
		C5B0A5FD2846D274007E2177 /* Resources */ = {
			isa = PBXResourcesBuildPhase;
			buildActionMask = 2147483647;
			files = (
			);
			runOnlyForDeploymentPostprocessing = 0;
		};
/* End PBXResourcesBuildPhase section */

/* Begin PBXSourcesBuildPhase section */
		C5B0A5E12846D271007E2177 /* Sources */ = {
			isa = PBXSourcesBuildPhase;
			buildActionMask = 2147483647;
			files = (
				C5B0A5EB2846D271007E2177 /* ContentView.swift in Sources */,
				C5B0A5E92846D271007E2177 /* Tv_StorageApp.swift in Sources */,
			);
			runOnlyForDeploymentPostprocessing = 0;
		};
		C5B0A5F12846D274007E2177 /* Sources */ = {
			isa = PBXSourcesBuildPhase;
			buildActionMask = 2147483647;
			files = (
				C5B0A5FA2846D274007E2177 /* Tv_StorageTests.swift in Sources */,
			);
			runOnlyForDeploymentPostprocessing = 0;
		};
		C5B0A5FB2846D274007E2177 /* Sources */ = {
			isa = PBXSourcesBuildPhase;
			buildActionMask = 2147483647;
			files = (
				C5B0A6062846D274007E2177 /* Tv_StorageUITestsLaunchTests.swift in Sources */,
				C5B0A6042846D274007E2177 /* Tv_StorageUITests.swift in Sources */,
			);
			runOnlyForDeploymentPostprocessing = 0;
		};
/* End PBXSourcesBuildPhase section */

/* Begin PBXTargetDependency section */
		C5B0A5F72846D274007E2177 /* PBXTargetDependency */ = {
			isa = PBXTargetDependency;
			target = C5B0A5E42846D271007E2177 /* Tv Storage */;
			targetProxy = C5B0A5F62846D274007E2177 /* PBXContainerItemProxy */;
		};
		C5B0A6012846D274007E2177 /* PBXTargetDependency */ = {
			isa = PBXTargetDependency;
			target = C5B0A5E42846D271007E2177 /* Tv Storage */;
			targetProxy = C5B0A6002846D274007E2177 /* PBXContainerItemProxy */;
		};
/* End PBXTargetDependency section */

/* Begin XCBuildConfiguration section */
		C5B0A6072846D274007E2177 /* Debug */ = {
			isa = XCBuildConfiguration;
			buildSettings = {
				ALWAYS_SEARCH_USER_PATHS = NO;
				CLANG_ANALYZER_NONNULL = YES;
				CLANG_ANALYZER_NUMBER_OBJECT_CONVERSION = YES_AGGRESSIVE;
				CLANG_CXX_LANGUAGE_STANDARD = "gnu++17";
				CLANG_ENABLE_MODULES = YES;
				CLANG_ENABLE_OBJC_ARC = YES;
				CLANG_ENABLE_OBJC_WEAK = YES;
				CLANG_WARN_BLOCK_CAPTURE_AUTORELEASING = YES;
				CLANG_WARN_BOOL_CONVERSION = YES;
				CLANG_WARN_COMMA = YES;
				CLANG_WARN_CONSTANT_CONVERSION = YES;
				CLANG_WARN_DEPRECATED_OBJC_IMPLEMENTATIONS = YES;
				CLANG_WARN_DIRECT_OBJC_ISA_USAGE = YES_ERROR;
				CLANG_WARN_DOCUMENTATION_COMMENTS = YES;
				CLANG_WARN_EMPTY_BODY = YES;
				CLANG_WARN_ENUM_CONVERSION = YES;
				CLANG_WARN_INFINITE_RECURSION = YES;
				CLANG_WARN_INT_CONVERSION = YES;
				CLANG_WARN_NON_LITERAL_NULL_CONVERSION = YES;
				CLANG_WARN_OBJC_IMPLICIT_RETAIN_SELF = YES;
				CLANG_WARN_OBJC_LITERAL_CONVERSION = YES;
				CLANG_WARN_OBJC_ROOT_CLASS = YES_ERROR;
				CLANG_WARN_QUOTED_INCLUDE_IN_FRAMEWORK_HEADER = YES;
				CLANG_WARN_RANGE_LOOP_ANALYSIS = YES;
				CLANG_WARN_STRICT_PROTOTYPES = YES;
				CLANG_WARN_SUSPICIOUS_MOVE = YES;
				CLANG_WARN_UNGUARDED_AVAILABILITY = YES_AGGRESSIVE;
				CLANG_WARN_UNREACHABLE_CODE = YES;
				CLANG_WARN__DUPLICATE_METHOD_MATCH = YES;
				COPY_PHASE_STRIP = NO;
				DEBUG_INFORMATION_FORMAT = dwarf;
				ENABLE_STRICT_OBJC_MSGSEND = YES;
				ENABLE_TESTABILITY = YES;
				GCC_C_LANGUAGE_STANDARD = gnu11;
				GCC_DYNAMIC_NO_PIC = NO;
				GCC_NO_COMMON_BLOCKS = YES;
				GCC_OPTIMIZATION_LEVEL = 0;
				GCC_PREPROCESSOR_DEFINITIONS = (
					"DEBUG=1",
					"$(inherited)",
				);
				GCC_WARN_64_TO_32_BIT_CONVERSION = YES;
				GCC_WARN_ABOUT_RETURN_TYPE = YES_ERROR;
				GCC_WARN_UNDECLARED_SELECTOR = YES;
				GCC_WARN_UNINITIALIZED_AUTOS = YES_AGGRESSIVE;
				GCC_WARN_UNUSED_FUNCTION = YES;
				GCC_WARN_UNUSED_VARIABLE = YES;
				MTL_ENABLE_DEBUG_INFO = INCLUDE_SOURCE;
				MTL_FAST_MATH = YES;
				ONLY_ACTIVE_ARCH = YES;
				SDKROOT = appletvos;
				SWIFT_ACTIVE_COMPILATION_CONDITIONS = DEBUG;
				SWIFT_OPTIMIZATION_LEVEL = "-Onone";
				TVOS_DEPLOYMENT_TARGET = 15.4;
			};
			name = Debug;
		};
		C5B0A6082846D274007E2177 /* Release */ = {
			isa = XCBuildConfiguration;
			buildSettings = {
				ALWAYS_SEARCH_USER_PATHS = NO;
				CLANG_ANALYZER_NONNULL = YES;
				CLANG_ANALYZER_NUMBER_OBJECT_CONVERSION = YES_AGGRESSIVE;
				CLANG_CXX_LANGUAGE_STANDARD = "gnu++17";
				CLANG_ENABLE_MODULES = YES;
				CLANG_ENABLE_OBJC_ARC = YES;
				CLANG_ENABLE_OBJC_WEAK = YES;
				CLANG_WARN_BLOCK_CAPTURE_AUTORELEASING = YES;
				CLANG_WARN_BOOL_CONVERSION = YES;
				CLANG_WARN_COMMA = YES;
				CLANG_WARN_CONSTANT_CONVERSION = YES;
				CLANG_WARN_DEPRECATED_OBJC_IMPLEMENTATIONS = YES;
				CLANG_WARN_DIRECT_OBJC_ISA_USAGE = YES_ERROR;
				CLANG_WARN_DOCUMENTATION_COMMENTS = YES;
				CLANG_WARN_EMPTY_BODY = YES;
				CLANG_WARN_ENUM_CONVERSION = YES;
				CLANG_WARN_INFINITE_RECURSION = YES;
				CLANG_WARN_INT_CONVERSION = YES;
				CLANG_WARN_NON_LITERAL_NULL_CONVERSION = YES;
				CLANG_WARN_OBJC_IMPLICIT_RETAIN_SELF = YES;
				CLANG_WARN_OBJC_LITERAL_CONVERSION = YES;
				CLANG_WARN_OBJC_ROOT_CLASS = YES_ERROR;
				CLANG_WARN_QUOTED_INCLUDE_IN_FRAMEWORK_HEADER = YES;
				CLANG_WARN_RANGE_LOOP_ANALYSIS = YES;
				CLANG_WARN_STRICT_PROTOTYPES = YES;
				CLANG_WARN_SUSPICIOUS_MOVE = YES;
				CLANG_WARN_UNGUARDED_AVAILABILITY = YES_AGGRESSIVE;
				CLANG_WARN_UNREACHABLE_CODE = YES;
				CLANG_WARN__DUPLICATE_METHOD_MATCH = YES;
				COPY_PHASE_STRIP = NO;
				DEBUG_INFORMATION_FORMAT = "dwarf-with-dsym";
				ENABLE_NS_ASSERTIONS = NO;
				ENABLE_STRICT_OBJC_MSGSEND = YES;
				GCC_C_LANGUAGE_STANDARD = gnu11;
				GCC_NO_COMMON_BLOCKS = YES;
				GCC_WARN_64_TO_32_BIT_CONVERSION = YES;
				GCC_WARN_ABOUT_RETURN_TYPE = YES_ERROR;
				GCC_WARN_UNDECLARED_SELECTOR = YES;
				GCC_WARN_UNINITIALIZED_AUTOS = YES_AGGRESSIVE;
				GCC_WARN_UNUSED_FUNCTION = YES;
				GCC_WARN_UNUSED_VARIABLE = YES;
				MTL_ENABLE_DEBUG_INFO = NO;
				MTL_FAST_MATH = YES;
				SDKROOT = appletvos;
				SWIFT_COMPILATION_MODE = wholemodule;
				SWIFT_OPTIMIZATION_LEVEL = "-O";
				TVOS_DEPLOYMENT_TARGET = 15.4;
				VALIDATE_PRODUCT = YES;
			};
			name = Release;
		};
		C5B0A60A2846D274007E2177 /* Debug */ = {
			isa = XCBuildConfiguration;
			buildSettings = {
				ASSETCATALOG_COMPILER_APPICON_NAME = "App Icon & Top Shelf Image";
				ASSETCATALOG_COMPILER_GLOBAL_ACCENT_COLOR_NAME = AccentColor;
				CODE_SIGN_STYLE = Automatic;
				CURRENT_PROJECT_VERSION = 1;
				DEVELOPMENT_ASSET_PATHS = "\"Tv Storage/Preview Content\"";
				DEVELOPMENT_TEAM = MHFFQ3CP87;
				ENABLE_PREVIEWS = YES;
				GENERATE_INFOPLIST_FILE = YES;
				INFOPLIST_KEY_UILaunchScreen_Generation = YES;
				INFOPLIST_KEY_UIUserInterfaceStyle = Automatic;
				LD_RUNPATH_SEARCH_PATHS = (
					"$(inherited)",
					"@executable_path/Frameworks",
				);
				MARKETING_VERSION = 1.0;
				PRODUCT_BUNDLE_IDENTIFIER = "Max-Maio.Tv-Storage";
				PRODUCT_NAME = "$(TARGET_NAME)";
				SWIFT_EMIT_LOC_STRINGS = YES;
				SWIFT_VERSION = 5.0;
				TARGETED_DEVICE_FAMILY = 3;
			};
			name = Debug;
		};
		C5B0A60B2846D274007E2177 /* Release */ = {
			isa = XCBuildConfiguration;
			buildSettings = {
				ASSETCATALOG_COMPILER_APPICON_NAME = "App Icon & Top Shelf Image";
				ASSETCATALOG_COMPILER_GLOBAL_ACCENT_COLOR_NAME = AccentColor;
				CODE_SIGN_STYLE = Automatic;
				CURRENT_PROJECT_VERSION = 1;
				DEVELOPMENT_ASSET_PATHS = "\"Tv Storage/Preview Content\"";
				DEVELOPMENT_TEAM = MHFFQ3CP87;
				ENABLE_PREVIEWS = YES;
				GENERATE_INFOPLIST_FILE = YES;
				INFOPLIST_KEY_UILaunchScreen_Generation = YES;
				INFOPLIST_KEY_UIUserInterfaceStyle = Automatic;
				LD_RUNPATH_SEARCH_PATHS = (
					"$(inherited)",
					"@executable_path/Frameworks",
				);
				MARKETING_VERSION = 1.0;
				PRODUCT_BUNDLE_IDENTIFIER = "Max-Maio.Tv-Storage";
				PRODUCT_NAME = "$(TARGET_NAME)";
				SWIFT_EMIT_LOC_STRINGS = YES;
				SWIFT_VERSION = 5.0;
				TARGETED_DEVICE_FAMILY = 3;
			};
			name = Release;
		};
		C5B0A60D2846D274007E2177 /* Debug */ = {
			isa = XCBuildConfiguration;
			buildSettings = {
				ALWAYS_EMBED_SWIFT_STANDARD_LIBRARIES = YES;
				BUNDLE_LOADER = "$(TEST_HOST)";
				CODE_SIGN_STYLE = Automatic;
				CURRENT_PROJECT_VERSION = 1;
				DEVELOPMENT_TEAM = MHFFQ3CP87;
				GENERATE_INFOPLIST_FILE = YES;
				MARKETING_VERSION = 1.0;
				PRODUCT_BUNDLE_IDENTIFIER = "Max-Maio.Tv-StorageTests";
				PRODUCT_NAME = "$(TARGET_NAME)";
				SWIFT_EMIT_LOC_STRINGS = NO;
				SWIFT_VERSION = 5.0;
				TARGETED_DEVICE_FAMILY = 3;
				TEST_HOST = "$(BUILT_PRODUCTS_DIR)/Tv Storage.app/Tv Storage";
				TVOS_DEPLOYMENT_TARGET = 15.4;
			};
			name = Debug;
		};
		C5B0A60E2846D274007E2177 /* Release */ = {
			isa = XCBuildConfiguration;
			buildSettings = {
				ALWAYS_EMBED_SWIFT_STANDARD_LIBRARIES = YES;
				BUNDLE_LOADER = "$(TEST_HOST)";
				CODE_SIGN_STYLE = Automatic;
				CURRENT_PROJECT_VERSION = 1;
				DEVELOPMENT_TEAM = MHFFQ3CP87;
				GENERATE_INFOPLIST_FILE = YES;
				MARKETING_VERSION = 1.0;
				PRODUCT_BUNDLE_IDENTIFIER = "Max-Maio.Tv-StorageTests";
				PRODUCT_NAME = "$(TARGET_NAME)";
				SWIFT_EMIT_LOC_STRINGS = NO;
				SWIFT_VERSION = 5.0;
				TARGETED_DEVICE_FAMILY = 3;
				TEST_HOST = "$(BUILT_PRODUCTS_DIR)/Tv Storage.app/Tv Storage";
				TVOS_DEPLOYMENT_TARGET = 15.4;
			};
			name = Release;
		};
		C5B0A6102846D274007E2177 /* Debug */ = {
			isa = XCBuildConfiguration;
			buildSettings = {
				ALWAYS_EMBED_SWIFT_STANDARD_LIBRARIES = YES;
				CODE_SIGN_STYLE = Automatic;
				CURRENT_PROJECT_VERSION = 1;
				DEVELOPMENT_TEAM = MHFFQ3CP87;
				GENERATE_INFOPLIST_FILE = YES;
				MARKETING_VERSION = 1.0;
				PRODUCT_BUNDLE_IDENTIFIER = "Max-Maio.Tv-StorageUITests";
				PRODUCT_NAME = "$(TARGET_NAME)";
				SWIFT_EMIT_LOC_STRINGS = NO;
				SWIFT_VERSION = 5.0;
				TARGETED_DEVICE_FAMILY = 3;
				TEST_TARGET_NAME = "Tv Storage";
			};
			name = Debug;
		};
		C5B0A6112846D274007E2177 /* Release */ = {
			isa = XCBuildConfiguration;
			buildSettings = {
				ALWAYS_EMBED_SWIFT_STANDARD_LIBRARIES = YES;
				CODE_SIGN_STYLE = Automatic;
				CURRENT_PROJECT_VERSION = 1;
				DEVELOPMENT_TEAM = MHFFQ3CP87;
				GENERATE_INFOPLIST_FILE = YES;
				MARKETING_VERSION = 1.0;
				PRODUCT_BUNDLE_IDENTIFIER = "Max-Maio.Tv-StorageUITests";
				PRODUCT_NAME = "$(TARGET_NAME)";
				SWIFT_EMIT_LOC_STRINGS = NO;
				SWIFT_VERSION = 5.0;
				TARGETED_DEVICE_FAMILY = 3;
				TEST_TARGET_NAME = "Tv Storage";
			};
			name = Release;
		};
/* End XCBuildConfiguration section */

/* Begin XCConfigurationList section */
		C5B0A5E02846D271007E2177 /* Build configuration list for PBXProject "Tv Storage" */ = {
			isa = XCConfigurationList;
			buildConfigurations = (
				C5B0A6072846D274007E2177 /* Debug */,
				C5B0A6082846D274007E2177 /* Release */,
			);
			defaultConfigurationIsVisible = 0;
			defaultConfigurationName = Release;
		};
		C5B0A6092846D274007E2177 /* Build configuration list for PBXNativeTarget "Tv Storage" */ = {
			isa = XCConfigurationList;
			buildConfigurations = (
				C5B0A60A2846D274007E2177 /* Debug */,
				C5B0A60B2846D274007E2177 /* Release */,
			);
			defaultConfigurationIsVisible = 0;
			defaultConfigurationName = Release;
		};
		C5B0A60C2846D274007E2177 /* Build configuration list for PBXNativeTarget "Tv StorageTests" */ = {
			isa = XCConfigurationList;
			buildConfigurations = (
				C5B0A60D2846D274007E2177 /* Debug */,
				C5B0A60E2846D274007E2177 /* Release */,
			);
			defaultConfigurationIsVisible = 0;
			defaultConfigurationName = Release;
		};
		C5B0A60F2846D274007E2177 /* Build configuration list for PBXNativeTarget "Tv StorageUITests" */ = {
			isa = XCConfigurationList;
			buildConfigurations = (
				C5B0A6102846D274007E2177 /* Debug */,
				C5B0A6112846D274007E2177 /* Release */,
			);
			defaultConfigurationIsVisible = 0;
			defaultConfigurationName = Release;
		};
/* End XCConfigurationList section */
	};
	rootObject = C5B0A5DD2846D271007E2177 /* Project object */;
}
